
Microsoft Visual Studio Solution File, Format Version 12.00
# Visual Studio Version 17
VisualStudioVersion = 17.13.35913.81 d17.13
MinimumVisualStudioVersion = 10.0.40219.1
Project("{FAE04EC0-301F-11D3-BF4B-00C04F79EFBC}") = "kutuphann", "kutuphann\kutuphann.csproj", "{8CD554F6-6AAF-415F-BD7A-259E378727C8}"
EndProject
Global
	GlobalSection(SolutionConfigurationPlatforms) = preSolution
		Debug|Any CPU = Debug|Any CPU
		Release|Any CPU = Release|Any CPU
	EndGlobalSection
	GlobalSection(ProjectConfigurationPlatforms) = postSolution
		{8CD554F6-6AAF-415F-BD7A-259E378727C8}.Debug|Any CPU.ActiveCfg = Debug|Any CPU
		{8CD554F6-6AAF-415F-BD7A-259E378727C8}.Debug|Any CPU.Build.0 = Debug|Any CPU
		{8CD554F6-6AAF-415F-BD7A-259E378727C8}.Release|Any CPU.ActiveCfg = Release|Any CPU
		{8CD554F6-6AAF-415F-BD7A-259E378727C8}.Release|Any CPU.Build.0 = Release|Any CPU
	EndGlobalSection
	GlobalSection(SolutionProperties) = preSolution
		HideSolutionNode = FALSE
	EndGlobalSection
	GlobalSection(ExtensibilityGlobals) = postSolution
		SolutionGuid = {CC4BF56A-0EC8-4E98-A131-F3D5C1E03CFE}
	EndGlobalSection
EndGlobal
